{
  "name": "kontent-netlify-webhook-processor",
  "version": "1.0.0",
  "lockfileVersion": 1,
  "requires": true,
  "dependencies": {
    "@kentico/kontent-core": {
      "version": "8.1.0",
      "resolved": "https://registry.npmjs.org/@kentico/kontent-core/-/kontent-core-8.1.0.tgz",
      "integrity": "sha512-hfRr0z6sJ24HUaWAuR7kmKbYOIxobbFGSdRVuDjENAZiTIKuiGE6Jv82sNuV3LPnwR0Hg2f8ncBliVI04CkP7w==",
      "requires": {
        "axios": "0.21.1"
      }
    },
    "@kentico/kontent-delivery": {
      "version": "10.3.0",
      "resolved": "https://registry.npmjs.org/@kentico/kontent-delivery/-/kontent-delivery-10.3.0.tgz",
      "integrity": "sha512-laprs4keN/4HGqRpopksJbezWuzcBhsvysQgYEU0NQ+7nnbHTQL8E7j+9Eviu8Lfbxn+v+dpYnXGc58Z1Mghhg==",
      "requires": {
        "@kentico/kontent-core": "8.1.0",
        "parse5": "6.0.1",
        "reflect-metadata": "0.1.13"
      }
    },
    "@kentico/kontent-webhook-helper": {
      "version": "1.1.0",
      "resolved": "https://registry.npmjs.org/@kentico/kontent-webhook-helper/-/kontent-webhook-helper-1.1.0.tgz",
      "integrity": "sha512-osnBOf3HhogCM+aQne5JIIJFmy2jaPuwSpQCYdoL807U8jbX8F6uICP0J9aftdVyZVSowB63MyjK8kpM/nYP9w=="
    },
    "axios": {
      "version": "0.21.1",
      "resolved": "https://registry.npmjs.org/axios/-/axios-0.21.1.tgz",
      "integrity": "sha512-dKQiRHxGD9PPRIUNIWvZhPTPpl1rf/OxTYKsqKUDjBwYylTvV7SjSHJb9ratfyzM6wCdLCOYLzs73qpg5c4iGA==",
      "requires": {
        "follow-redirects": "^1.10.0"
      }
    },
    "crypto": {
      "version": "1.0.1",
      "resolved": "https://registry.npmjs.org/crypto/-/crypto-1.0.1.tgz",
      "integrity": "sha512-VxBKmeNcqQdiUQUW2Tzq0t377b54N2bMtXO/qiLa+6eRRmmC4qT3D4OnTGoT/U6O9aklQ/jTwbOtRMTTY8G0Ig=="
    },
    "follow-redirects": {
      "version": "1.13.2",
      "resolved": "https://registry.npmjs.org/follow-redirects/-/follow-redirects-1.13.2.tgz",
      "integrity": "sha512-6mPTgLxYm3r6Bkkg0vNM0HTjfGrOEtsfbhagQvbxDEsEkpNhw582upBaoRZylzen6krEmxXJgt9Ju6HiI4O7BA=="
    },
    "parse5": {
      "version": "6.0.1",
      "resolved": "https://registry.npmjs.org/parse5/-/parse5-6.0.1.tgz",
      "integrity": "sha512-Ofn/CTFzRGTTxwpNEs9PP93gXShHcTq255nzRYSKe8AkVpZY7e1fpmTfOyoIvjP5HG7Z2ZM7VS9PPhQGW2pOpw=="
    },
    "reflect-metadata": {
      "version": "0.1.13",
      "resolved": "https://registry.npmjs.org/reflect-metadata/-/reflect-metadata-0.1.13.tgz",
      "integrity": "sha512-Ts1Y/anZELhSsjMcU605fU9RE4Oi3p5ORujwbIKXfWa+0Zxs510Qrmrce5/Jowq3cHSZSJqBjypxmHarc+vEWg=="
    },
    "rxjs": {
      "version": "6.6.3",
      "resolved": "https://registry.npmjs.org/rxjs/-/rxjs-6.6.3.tgz",
      "integrity": "sha512-trsQc+xYYXZ3urjOiJOuCOa5N3jAZ3eiSpQB5hIT8zGlL2QfnHLJ2r7GMkBGuIausdJN1OneaI6gQlsqNHHmZQ==",
      "requires": {
        "tslib": "^1.9.0"
      }
    },
    "tslib": {
      "version": "1.14.1",
      "resolved": "https://registry.npmjs.org/tslib/-/tslib-1.14.1.tgz",
      "integrity": "sha512-Xni35NKzjgMrwevysHTCArtLDpPvye8zV/0E4EyYn43P7/7qvQwPh9BGkHewbMulVntbigmcT7rdX3BNo9wRJg=="
    }
  }
}